// !$*UTF8*$!
{
	archiveVersion = 1;
	classes = {
	};
	objectVersion = 46;
	objects = {

/* Begin PBXBuildFile section */
		3C22CBCC1954603D005C3960 /* Foundation.framework in Frameworks */ = {isa = PBXBuildFile; fileRef = 3C22CBCB1954603D005C3960 /* Foundation.framework */; };
		3C22CBCE1954603D005C3960 /* CoreGraphics.framework in Frameworks */ = {isa = PBXBuildFile; fileRef = 3C22CBCD1954603D005C3960 /* CoreGraphics.framework */; };
		3C22CBD01954603D005C3960 /* UIKit.framework in Frameworks */ = {isa = PBXBuildFile; fileRef = 3C22CBCF1954603D005C3960 /* UIKit.framework */; };
		3C22CBD61954603D005C3960 /* InfoPlist.strings in Resources */ = {isa = PBXBuildFile; fileRef = 3C22CBD41954603D005C3960 /* InfoPlist.strings */; };
		3C22CBD81954603D005C3960 /* main.m in Sources */ = {isa = PBXBuildFile; fileRef = 3C22CBD71954603D005C3960 /* main.m */; };
		3C22CBDC1954603D005C3960 /* AppDelegate.m in Sources */ = {isa = PBXBuildFile; fileRef = 3C22CBDB1954603D005C3960 /* AppDelegate.m */; };
		3C22CBDF1954603D005C3960 /* Main_iPhone.storyboard in Resources */ = {isa = PBXBuildFile; fileRef = 3C22CBDD1954603D005C3960 /* Main_iPhone.storyboard */; };
		3C22CBE21954603D005C3960 /* Main_iPad.storyboard in Resources */ = {isa = PBXBuildFile; fileRef = 3C22CBE01954603D005C3960 /* Main_iPad.storyboard */; };
		3C22CBE51954603D005C3960 /* ViewController.m in Sources */ = {isa = PBXBuildFile; fileRef = 3C22CBE41954603D005C3960 /* ViewController.m */; };
		3C22CBE71954603D005C3960 /* Images.xcassets in Resources */ = {isa = PBXBuildFile; fileRef = 3C22CBE61954603D005C3960 /* Images.xcassets */; };
		3C22CBEE1954603D005C3960 /* XCTest.framework in Frameworks */ = {isa = PBXBuildFile; fileRef = 3C22CBED1954603D005C3960 /* XCTest.framework */; };
		3C22CBEF1954603D005C3960 /* Foundation.framework in Frameworks */ = {isa = PBXBuildFile; fileRef = 3C22CBCB1954603D005C3960 /* Foundation.framework */; };
		3C22CBF01954603D005C3960 /* UIKit.framework in Frameworks */ = {isa = PBXBuildFile; fileRef = 3C22CBCF1954603D005C3960 /* UIKit.framework */; };
		3C22CBF81954603D005C3960 /* InfoPlist.strings in Resources */ = {isa = PBXBuildFile; fileRef = 3C22CBF61954603D005C3960 /* InfoPlist.strings */; };
		3C22CBFA1954603D005C3960 /* testingTests.m in Sources */ = {isa = PBXBuildFile; fileRef = 3C22CBF91954603D005C3960 /* testingTests.m */; };
/* End PBXBuildFile section */

/* Begin PBXContainerItemProxy section */
		3C22CBF11954603D005C3960 /* PBXContainerItemProxy */ = {
			isa = PBXContainerItemProxy;
			containerPortal = 3C22CBC01954603D005C3960 /* Project object */;
			proxyType = 1;
			remoteGlobalIDString = 3C22CBC71954603D005C3960;
			remoteInfo = testing;
		};
/* End PBXContainerItemProxy section */

/* Begin PBXFileReference section */
		3C22CBC81954603D005C3960 /* testing.app */ = {isa = PBXFileReference; explicitFileType = wrapper.application; includeInIndex = 0; path = testing.app; sourceTree = BUILT_PRODUCTS_DIR; };
		3C22CBCB1954603D005C3960 /* Foundation.framework */ = {isa = PBXFileReference; lastKnownFileType = wrapper.framework; name = Foundation.framework; path = System/Library/Frameworks/Foundation.framework; sourceTree = SDKROOT; };
		3C22CBCD1954603D005C3960 /* CoreGraphics.framework */ = {isa = PBXFileReference; lastKnownFileType = wrapper.framework; name = CoreGraphics.framework; path = System/Library/Frameworks/CoreGraphics.framework; sourceTree = SDKROOT; };
		3C22CBCF1954603D005C3960 /* UIKit.framework */ = {isa = PBXFileReference; lastKnownFileType = wrapper.framework; name = UIKit.framework; path = System/Library/Frameworks/UIKit.framework; sourceTree = SDKROOT; };
		3C22CBD31954603D005C3960 /* testing-Info.plist */ = {isa = PBXFileReference; lastKnownFileType = text.plist.xml; path = "testing-Info.plist"; sourceTree = "<group>"; };
		3C22CBD51954603D005C3960 /* en */ = {isa = PBXFileReference; lastKnownFileType = text.plist.strings; name = en; path = en.lproj/InfoPlist.strings; sourceTree = "<group>"; };
		3C22CBD71954603D005C3960 /* main.m */ = {isa = PBXFileReference; lastKnownFileType = sourcecode.c.objc; path = main.m; sourceTree = "<group>"; };
		3C22CBD91954603D005C3960 /* testing-Prefix.pch */ = {isa = PBXFileReference; lastKnownFileType = sourcecode.c.h; path = "testing-Prefix.pch"; sourceTree = "<group>"; };
		3C22CBDA1954603D005C3960 /* AppDelegate.h */ = {isa = PBXFileReference; lastKnownFileType = sourcecode.c.h; path = AppDelegate.h; sourceTree = "<group>"; };
		3C22CBDB1954603D005C3960 /* AppDelegate.m */ = {isa = PBXFileReference; lastKnownFileType = sourcecode.c.objc; path = AppDelegate.m; sourceTree = "<group>"; };
		3C22CBDE1954603D005C3960 /* Base */ = {isa = PBXFileReference; lastKnownFileType = file.storyboard; name = Base; path = Base.lproj/Main_iPhone.storyboard; sourceTree = "<group>"; };
		3C22CBE11954603D005C3960 /* Base */ = {isa = PBXFileReference; lastKnownFileType = file.storyboard; name = Base; path = Base.lproj/Main_iPad.storyboard; sourceTree = "<group>"; };
		3C22CBE31954603D005C3960 /* ViewController.h */ = {isa = PBXFileReference; lastKnownFileType = sourcecode.c.h; path = ViewController.h; sourceTree = "<group>"; };
		3C22CBE41954603D005C3960 /* ViewController.m */ = {isa = PBXFileReference; lastKnownFileType = sourcecode.c.objc; path = ViewController.m; sourceTree = "<group>"; };
		3C22CBE61954603D005C3960 /* Images.xcassets */ = {isa = PBXFileReference; lastKnownFileType = folder.assetcatalog; path = Images.xcassets; sourceTree = "<group>"; };
		3C22CBEC1954603D005C3960 /* testingTests.xctest */ = {isa = PBXFileReference; explicitFileType = wrapper.cfbundle; includeInIndex = 0; path = testingTests.xctest; sourceTree = BUILT_PRODUCTS_DIR; };
		3C22CBED1954603D005C3960 /* XCTest.framework */ = {isa = PBXFileReference; lastKnownFileType = wrapper.framework; name = XCTest.framework; path = Library/Frameworks/XCTest.framework; sourceTree = DEVELOPER_DIR; };
		3C22CBF51954603D005C3960 /* testingTests-Info.plist */ = {isa = PBXFileReference; lastKnownFileType = text.plist.xml; path = "testingTests-Info.plist"; sourceTree = "<group>"; };
		3C22CBF71954603D005C3960 /* en */ = {isa = PBXFileReference; lastKnownFileType = text.plist.strings; name = en; path = en.lproj/InfoPlist.strings; sourceTree = "<group>"; };
		3C22CBF91954603D005C3960 /* testingTests.m */ = {isa = PBXFileReference; lastKnownFileType = sourcecode.c.objc; path = testingTests.m; sourceTree = "<group>"; };
/* End PBXFileReference section */

/* Begin PBXFrameworksBuildPhase section */
		3C22CBC51954603D005C3960 /* Frameworks */ = {
			isa = PBXFrameworksBuildPhase;
			buildActionMask = 2147483647;
			files = (
				3C22CBCE1954603D005C3960 /* CoreGraphics.framework in Frameworks */,
				3C22CBD01954603D005C3960 /* UIKit.framework in Frameworks */,
				3C22CBCC1954603D005C3960 /* Foundation.framework in Frameworks */,
			);
			runOnlyForDeploymentPostprocessing = 0;
		};
		3C22CBE91954603D005C3960 /* Frameworks */ = {
			isa = PBXFrameworksBuildPhase;
			buildActionMask = 2147483647;
			files = (
				3C22CBEE1954603D005C3960 /* XCTest.framework in Frameworks */,
				3C22CBF01954603D005C3960 /* UIKit.framework in Frameworks */,
				3C22CBEF1954603D005C3960 /* Foundation.framework in Frameworks */,
			);
			runOnlyForDeploymentPostprocessing = 0;
		};
/* End PBXFrameworksBuildPhase section */

/* Begin PBXGroup section */
		3C22CBBF1954603D005C3960 = {
			isa = PBXGroup;
			children = (
				3C22CBD11954603D005C3960 /* testing */,
				3C22CBF31954603D005C3960 /* testingTests */,
				3C22CBCA1954603D005C3960 /* Frameworks */,
				3C22CBC91954603D005C3960 /* Products */,
			);
			sourceTree = "<group>";
		};
		3C22CBC91954603D005C3960 /* Products */ = {
			isa = PBXGroup;
			children = (
				3C22CBC81954603D005C3960 /* testing.app */,
				3C22CBEC1954603D005C3960 /* testingTests.xctest */,
			);
			name = Products;
			sourceTree = "<group>";
		};
		3C22CBCA1954603D005C3960 /* Frameworks */ = {
			isa = PBXGroup;
			children = (
				3C22CBCB1954603D005C3960 /* Foundation.framework */,
				3C22CBCD1954603D005C3960 /* CoreGraphics.framework */,
				3C22CBCF1954603D005C3960 /* UIKit.framework */,
				3C22CBED1954603D005C3960 /* XCTest.framework */,
			);
			name = Frameworks;
			sourceTree = "<group>";
		};
		3C22CBD11954603D005C3960 /* testing */ = {
			isa = PBXGroup;
			children = (
				3C22CBDA1954603D005C3960 /* AppDelegate.h */,
				3C22CBDB1954603D005C3960 /* AppDelegate.m */,
				3C22CBDD1954603D005C3960 /* Main_iPhone.storyboard */,
				3C22CBE01954603D005C3960 /* Main_iPad.storyboard */,
				3C22CBE31954603D005C3960 /* ViewController.h */,
				3C22CBE41954603D005C3960 /* ViewController.m */,
				3C22CBE61954603D005C3960 /* Images.xcassets */,
				3C22CBD21954603D005C3960 /* Supporting Files */,
			);
			path = testing;
			sourceTree = "<group>";
		};
		3C22CBD21954603D005C3960 /* Supporting Files */ = {
			isa = PBXGroup;
			children = (
				3C22CBD31954603D005C3960 /* testing-Info.plist */,
				3C22CBD41954603D005C3960 /* InfoPlist.strings */,
				3C22CBD71954603D005C3960 /* main.m */,
				3C22CBD91954603D005C3960 /* testing-Prefix.pch */,
			);
			name = "Supporting Files";
			sourceTree = "<group>";
		};
		3C22CBF31954603D005C3960 /* testingTests */ = {
			isa = PBXGroup;
			children = (
				3C22CBF91954603D005C3960 /* testingTests.m */,
				3C22CBF41954603D005C3960 /* Supporting Files */,
			);
			path = testingTests;
			sourceTree = "<group>";
		};
		3C22CBF41954603D005C3960 /* Supporting Files */ = {
			isa = PBXGroup;
			children = (
				3C22CBF51954603D005C3960 /* testingTests-Info.plist */,
				3C22CBF61954603D005C3960 /* InfoPlist.strings */,
			);
			name = "Supporting Files";
			sourceTree = "<group>";
		};
/* End PBXGroup section */

/* Begin PBXNativeTarget section */
		3C22CBC71954603D005C3960 /* testing */ = {
			isa = PBXNativeTarget;
			buildConfigurationList = 3C22CBFD1954603D005C3960 /* Build configuration list for PBXNativeTarget "testing" */;
			buildPhases = (
				3C22CBC41954603D005C3960 /* Sources */,
				3C22CBC51954603D005C3960 /* Frameworks */,
				3C22CBC61954603D005C3960 /* Resources */,
			);
			buildRules = (
			);
			dependencies = (
			);
			name = testing;
			productName = testing;
			productReference = 3C22CBC81954603D005C3960 /* testing.app */;
			productType = "com.apple.product-type.application";
		};
		3C22CBEB1954603D005C3960 /* testingTests */ = {
			isa = PBXNativeTarget;
			buildConfigurationList = 3C22CC001954603D005C3960 /* Build configuration list for PBXNativeTarget "testingTests" */;
			buildPhases = (
				3C22CBE81954603D005C3960 /* Sources */,
				3C22CBE91954603D005C3960 /* Frameworks */,
				3C22CBEA1954603D005C3960 /* Resources */,
			);
			buildRules = (
			);
			dependencies = (
				3C22CBF21954603D005C3960 /* PBXTargetDependency */,
			);
			name = testingTests;
			productName = testingTests;
			productReference = 3C22CBEC1954603D005C3960 /* testingTests.xctest */;
			productType = "com.apple.product-type.bundle.unit-test";
		};
/* End PBXNativeTarget section */

/* Begin PBXProject section */
		3C22CBC01954603D005C3960 /* Project object */ = {
			isa = PBXProject;
			attributes = {
				LastUpgradeCheck = 0500;
				ORGANIZATIONNAME = "___FULLUSERNAME___";
				TargetAttributes = {
					3C22CBEB1954603D005C3960 = {
						TestTargetID = 3C22CBC71954603D005C3960;
					};
				};
			};
			buildConfigurationList = 3C22CBC31954603D005C3960 /* Build configuration list for PBXProject "testing" */;
			compatibilityVersion = "Xcode 3.2";
			developmentRegion = English;
			hasScannedForEncodings = 0;
			knownRegions = (
				en,
				Base,
			);
			mainGroup = 3C22CBBF1954603D005C3960;
			productRefGroup = 3C22CBC91954603D005C3960 /* Products */;
			projectDirPath = "";
			projectRoot = "";
			targets = (
				3C22CBC71954603D005C3960 /* testing */,
				3C22CBEB1954603D005C3960 /* testingTests */,
			);
		};
/* End PBXProject section */

/* Begin PBXResourcesBuildPhase section */
		3C22CBC61954603D005C3960 /* Resources */ = {
			isa = PBXResourcesBuildPhase;
			buildActionMask = 2147483647;
			files = (
				3C22CBE21954603D005C3960 /* Main_iPad.storyboard in Resources */,
				3C22CBE71954603D005C3960 /* Images.xcassets in Resources */,
				3C22CBDF1954603D005C3960 /* Main_iPhone.storyboard in Resources */,
				3C22CBD61954603D005C3960 /* InfoPlist.strings in Resources */,
			);
			runOnlyForDeploymentPostprocessing = 0;
		};
		3C22CBEA1954603D005C3960 /* Resources */ = {
			isa = PBXResourcesBuildPhase;
			buildActionMask = 2147483647;
			files = (
				3C22CBF81954603D005C3960 /* InfoPlist.strings in Resources */,
			);
			runOnlyForDeploymentPostprocessing = 0;
		};
/* End PBXResourcesBuildPhase section */

/* Begin PBXSourcesBuildPhase section */
		3C22CBC41954603D005C3960 /* Sources */ = {
			isa = PBXSourcesBuildPhase;
			buildActionMask = 2147483647;
			files = (
				3C22CBE51954603D005C3960 /* ViewController.m in Sources */,
				3C22CBDC1954603D005C3960 /* AppDelegate.m in Sources */,
				3C22CBD81954603D005C3960 /* main.m in Sources */,
			);
			runOnlyForDeploymentPostprocessing = 0;
		};
		3C22CBE81954603D005C3960 /* Sources */ = {
			isa = PBXSourcesBuildPhase;
			buildActionMask = 2147483647;
			files = (
				3C22CBFA1954603D005C3960 /* testingTests.m in Sources */,
			);
			runOnlyForDeploymentPostprocessing = 0;
		};
/* End PBXSourcesBuildPhase section */

/* Begin PBXTargetDependency section */
		3C22CBF21954603D005C3960 /* PBXTargetDependency */ = {
			isa = PBXTargetDependency;
			target = 3C22CBC71954603D005C3960 /* testing */;
			targetProxy = 3C22CBF11954603D005C3960 /* PBXContainerItemProxy */;
		};
/* End PBXTargetDependency section */

/* Begin PBXVariantGroup section */
		3C22CBD41954603D005C3960 /* InfoPlist.strings */ = {
			isa = PBXVariantGroup;
			children = (
				3C22CBD51954603D005C3960 /* en */,
			);
			name = InfoPlist.strings;
			sourceTree = "<group>";
		};
		3C22CBDD1954603D005C3960 /* Main_iPhone.storyboard */ = {
			isa = PBXVariantGroup;
			children = (
				3C22CBDE1954603D005C3960 /* Base */,
			);
			name = Main_iPhone.storyboard;
			sourceTree = "<group>";
		};
		3C22CBE01954603D005C3960 /* Main_iPad.storyboard */ = {
			isa = PBXVariantGroup;
			children = (
				3C22CBE11954603D005C3960 /* Base */,
			);
			name = Main_iPad.storyboard;
			sourceTree = "<group>";
		};
		3C22CBF61954603D005C3960 /* InfoPlist.strings */ = {
			isa = PBXVariantGroup;
			children = (
				3C22CBF71954603D005C3960 /* en */,
			);
			name = InfoPlist.strings;
			sourceTree = "<group>";
		};
/* End PBXVariantGroup section */

/* Begin XCBuildConfiguration section */
		3C22CBFB1954603D005C3960 /* Debug */ = {
			isa = XCBuildConfiguration;
			buildSettings = {
				ALWAYS_SEARCH_USER_PATHS = NO;
				ARCHS = "$(ARCHS_STANDARD_INCLUDING_64_BIT)";
				CLANG_CXX_LANGUAGE_STANDARD = "gnu++0x";
				CLANG_CXX_LIBRARY = "libc++";
				CLANG_ENABLE_MODULES = YES;
				CLANG_ENABLE_OBJC_ARC = YES;
				CLANG_WARN_BOOL_CONVERSION = YES;
				CLANG_WARN_CONSTANT_CONVERSION = YES;
				CLANG_WARN_DIRECT_OBJC_ISA_USAGE = YES_ERROR;
				CLANG_WARN_EMPTY_BODY = YES;
				CLANG_WARN_ENUM_CONVERSION = YES;
				CLANG_WARN_INT_CONVERSION = YES;
				CLANG_WARN_OBJC_ROOT_CLASS = YES_ERROR;
				CLANG_WARN__DUPLICATE_METHOD_MATCH = YES;
				"CODE_SIGN_IDENTITY[sdk=iphoneos*]" = "iPhone Developer";
				COPY_PHASE_STRIP = NO;
				GCC_C_LANGUAGE_STANDARD = gnu99;
				GCC_DYNAMIC_NO_PIC = NO;
				GCC_OPTIMIZATION_LEVEL = 0;
				GCC_PREPROCESSOR_DEFINITIONS = (
					"DEBUG=1",
					"$(inherited)",
				);
				GCC_SYMBOLS_PRIVATE_EXTERN = NO;
				GCC_WARN_64_TO_32_BIT_CONVERSION = YES;
				GCC_WARN_ABOUT_RETURN_TYPE = YES_ERROR;
				GCC_WARN_UNDECLARED_SELECTOR = YES;
				GCC_WARN_UNINITIALIZED_AUTOS = YES;
				GCC_WARN_UNUSED_FUNCTION = YES;
				GCC_WARN_UNUSED_VARIABLE = YES;
				IPHONEOS_DEPLOYMENT_TARGET = 7.0;
				ONLY_ACTIVE_ARCH = YES;
				SDKROOT = iphoneos;
				TARGETED_DEVICE_FAMILY = "1,2";
			};
			name = Debug;
		};
		3C22CBFC1954603D005C3960 /* Release */ = {
			isa = XCBuildConfiguration;
			buildSettings = {
				ALWAYS_SEARCH_USER_PATHS = NO;
				ARCHS = "$(ARCHS_STANDARD_INCLUDING_64_BIT)";
				CLANG_CXX_LANGUAGE_STANDARD = "gnu++0x";
				CLANG_CXX_LIBRARY = "libc++";
				CLANG_ENABLE_MODULES = YES;
				CLANG_ENABLE_OBJC_ARC = YES;
				CLANG_WARN_BOOL_CONVERSION = YES;
				CLANG_WARN_CONSTANT_CONVERSION = YES;
				CLANG_WARN_DIRECT_OBJC_ISA_USAGE = YES_ERROR;
				CLANG_WARN_EMPTY_BODY = YES;
				CLANG_WARN_ENUM_CONVERSION = YES;
				CLANG_WARN_INT_CONVERSION = YES;
				CLANG_WARN_OBJC_ROOT_CLASS = YES_ERROR;
				CLANG_WARN__DUPLICATE_METHOD_MATCH = YES;
				"CODE_SIGN_IDENTITY[sdk=iphoneos*]" = "iPhone Developer";
				COPY_PHASE_STRIP = YES;
				ENABLE_NS_ASSERTIONS = NO;
				GCC_C_LANGUAGE_STANDARD = gnu99;
				GCC_WARN_64_TO_32_BIT_CONVERSION = YES;
				GCC_WARN_ABOUT_RETURN_TYPE = YES_ERROR;
				GCC_WARN_UNDECLARED_SELECTOR = YES;
				GCC_WARN_UNINITIALIZED_AUTOS = YES;
				GCC_WARN_UNUSED_FUNCTION = YES;
				GCC_WARN_UNUSED_VARIABLE = YES;
				IPHONEOS_DEPLOYMENT_TARGET = 7.0;
				SDKROOT = iphoneos;
				TARGETED_DEVICE_FAMILY = "1,2";
				VALIDATE_PRODUCT = YES;
			};
			name = Release;
		};
		3C22CBFE1954603D005C3960 /* Debug */ = {
			isa = XCBuildConfiguration;
			buildSettings = {
				ASSETCATALOG_COMPILER_APPICON_NAME = AppIcon;
				ASSETCATALOG_COMPILER_LAUNCHIMAGE_NAME = LaunchImage;
				GCC_PRECOMPILE_PREFIX_HEADER = YES;
				GCC_PREFIX_HEADER = "testing/testing-Prefix.pch";
				INFOPLIST_FILE = "testing/testing-Info.plist";
				PRODUCT_NAME = "$(TARGET_NAME)";
				WRAPPER_EXTENSION = app;
			};
			name = Debug;
		};
		3C22CBFF1954603D005C3960 /* Release */ = {
			isa = XCBuildConfiguration;
			buildSettings = {
				ASSETCATALOG_COMPILER_APPICON_NAME = AppIcon;
				ASSETCATALOG_COMPILER_LAUNCHIMAGE_NAME = LaunchImage;
				GCC_PRECOMPILE_PREFIX_HEADER = YES;
				GCC_PREFIX_HEADER = "testing/testing-Prefix.pch";
				INFOPLIST_FILE = "testing/testing-Info.plist";
				PRODUCT_NAME = "$(TARGET_NAME)";
				WRAPPER_EXTENSION = app;
			};
			name = Release;
		};
		3C22CC011954603D005C3960 /* Debug */ = {
			isa = XCBuildConfiguration;
			buildSettings = {
				ARCHS = "$(ARCHS_STANDARD_INCLUDING_64_BIT)";
				BUNDLE_LOADER = "$(BUILT_PRODUCTS_DIR)/testing.app/testing";
				FRAMEWORK_SEARCH_PATHS = (
					"$(SDKROOT)/Developer/Library/Frameworks",
					"$(inherited)",
					"$(DEVELOPER_FRAMEWORKS_DIR)",
				);
				GCC_PRECOMPILE_PREFIX_HEADER = YES;
				GCC_PREFIX_HEADER = "testing/testing-Prefix.pch";
				GCC_PREPROCESSOR_DEFINITIONS = (
					"DEBUG=1",
					"$(inherited)",
				);
				INFOPLIST_FILE = "testingTests/testingTests-Info.plist";
				PRODUCT_NAME = "$(TARGET_NAME)";
				TEST_HOST = "$(BUNDLE_LOADER)";
				WRAPPER_EXTENSION = xctest;
			};
			name = Debug;
		};
		3C22CC021954603D005C3960 /* Release */ = {
			isa = XCBuildConfiguration;
			buildSettings = {
				ARCHS = "$(ARCHS_STANDARD_INCLUDING_64_BIT)";
				BUNDLE_LOADER = "$(BUILT_PRODUCTS_DIR)/testing.app/testing";
				FRAMEWORK_SEARCH_PATHS = (
					"$(SDKROOT)/Developer/Library/Frameworks",
					"$(inherited)",
					"$(DEVELOPER_FRAMEWORKS_DIR)",
				);
				GCC_PRECOMPILE_PREFIX_HEADER = YES;
				GCC_PREFIX_HEADER = "testing/testing-Prefix.pch";
				INFOPLIST_FILE = "testingTests/testingTests-Info.plist";
				PRODUCT_NAME = "$(TARGET_NAME)";
				TEST_HOST = "$(BUNDLE_LOADER)";
				WRAPPER_EXTENSION = xctest;
			};
			name = Release;
		};
/* End XCBuildConfiguration section */

/* Begin XCConfigurationList section */
		3C22CBC31954603D005C3960 /* Build configuration list for PBXProject "testing" */ = {
			isa = XCConfigurationList;
			buildConfigurations = (
				3C22CBFB1954603D005C3960 /* Debug */,
				3C22CBFC1954603D005C3960 /* Release */,
			);
			defaultConfigurationIsVisible = 0;
			defaultConfigurationName = Release;
		};
		3C22CBFD1954603D005C3960 /* Build configuration list for PBXNativeTarget "testing" */ = {
			isa = XCConfigurationList;
			buildConfigurations = (
				3C22CBFE1954603D005C3960 /* Debug */,
				3C22CBFF1954603D005C3960 /* Release */,
			);
			defaultConfigurationIsVisible = 0;
		};
		3C22CC001954603D005C3960 /* Build configuration list for PBXNativeTarget "testingTests" */ = {
			isa = XCConfigurationList;
			buildConfigurations = (
				3C22CC011954603D005C3960 /* Debug */,
				3C22CC021954603D005C3960 /* Release */,
			);
			defaultConfigurationIsVisible = 0;
		};
/* End XCConfigurationList section */
	};
	rootObject = 3C22CBC01954603D005C3960 /* Project object */;
}
